
Microsoft Visual Studio Solution File, Format Version 12.00
Project("{FAE04EC0-301F-11D3-BF4B-00C04F79EFBC}") = "Avalonia.ValidationTest", "Avalonia.ValidationTest\Avalonia.ValidationTest.csproj", "{170AE7AE-9712-40D8-B6B2-B75AB675EE1E}"
EndProject
Project("{FAE04EC0-301F-11D3-BF4B-00C04F79EFBC}") = "Avalonia.ValidationTest.Model", "Avalonia.ValidationTest.Model\Avalonia.ValidationTest.Model.csproj", "{7F6FA491-467E-4A2D-838D-A63C1AF4E9DC}"
EndProject
Project("{FAE04EC0-301F-11D3-BF4B-00C04F79EFBC}") = "Avalonia.ValidationTest.Dto", "Avalonia.ValidationTest.Dto\Avalonia.ValidationTest.Dto.csproj", "{92E951DE-54E5-4886-84F7-88273F15BA91}"
EndProject
Global
	GlobalSection(SolutionConfigurationPlatforms) = preSolution
		Debug|Any CPU = Debug|Any CPU
		Release|Any CPU = Release|Any CPU
	EndGlobalSection
	GlobalSection(ProjectConfigurationPlatforms) = postSolution
		{170AE7AE-9712-40D8-B6B2-B75AB675EE1E}.Debug|Any CPU.ActiveCfg = Debug|Any CPU
		{170AE7AE-9712-40D8-B6B2-B75AB675EE1E}.Debug|Any CPU.Build.0 = Debug|Any CPU
		{170AE7AE-9712-40D8-B6B2-B75AB675EE1E}.Release|Any CPU.ActiveCfg = Release|Any CPU
		{170AE7AE-9712-40D8-B6B2-B75AB675EE1E}.Release|Any CPU.Build.0 = Release|Any CPU
		{7F6FA491-467E-4A2D-838D-A63C1AF4E9DC}.Debug|Any CPU.ActiveCfg = Debug|Any CPU
		{7F6FA491-467E-4A2D-838D-A63C1AF4E9DC}.Debug|Any CPU.Build.0 = Debug|Any CPU
		{7F6FA491-467E-4A2D-838D-A63C1AF4E9DC}.Release|Any CPU.ActiveCfg = Release|Any CPU
		{7F6FA491-467E-4A2D-838D-A63C1AF4E9DC}.Release|Any CPU.Build.0 = Release|Any CPU
		{92E951DE-54E5-4886-84F7-88273F15BA91}.Debug|Any CPU.ActiveCfg = Debug|Any CPU
		{92E951DE-54E5-4886-84F7-88273F15BA91}.Debug|Any CPU.Build.0 = Debug|Any CPU
		{92E951DE-54E5-4886-84F7-88273F15BA91}.Release|Any CPU.ActiveCfg = Release|Any CPU
		{92E951DE-54E5-4886-84F7-88273F15BA91}.Release|Any CPU.Build.0 = Release|Any CPU
	EndGlobalSection
EndGlobal
